{
  "name": "score-store",
  "version": "2.0.0",
  "lockfileVersion": 3,
  "requires": true,
  "packages": {
    "": {
      "name": "score-store",
      "version": "2.0.0",
      "dependencies": {
        "stripe": "^16.0.0"
      },
      "engines": {
        "node": ">=18"
      }
    },
    "node_modules/stripe": {
      "version": "16.0.0",
      "resolved": "https://registry.npmjs.org/stripe/-/stripe-16.0.0.tgz",
      "integrity": "sha512-KaE58bXIzlBM2uL7T4rj0e9jDqf3Tqv9/6t0vP2aC0wNQzSwdhV2tXj4Wc4p4S6eYx8f7kG+qk+v+5p7rY5T5Q==",
      "dependencies": {
        "@types/node": ">=12.0.0"
      },
      "engines": {
        "node": ">=12.0.0"
      }
    }
  }
}